
Microsoft Visual Studio Solution File, Format Version 12.00
# Visual Studio Version 16
VisualStudioVersion = 16.0.32802.440
MinimumVisualStudioVersion = 10.0.40219.1
Project("{888888A0-9F3D-457C-B088-3A5042F75D52}") = "Text_Editor", "Text_Editor\Text_Editor.pyproj", "{7DBC59A2-1F27-4D8F-B3F3-03A309AC12CB}"
EndProject
Global
	GlobalSection(SolutionConfigurationPlatforms) = preSolution
		Debug|Any CPU = Debug|Any CPU
		Release|Any CPU = Release|Any CPU
	EndGlobalSection
	GlobalSection(ProjectConfigurationPlatforms) = postSolution
		{7DBC59A2-1F27-4D8F-B3F3-03A309AC12CB}.Debug|Any CPU.ActiveCfg = Debug|Any CPU
		{7DBC59A2-1F27-4D8F-B3F3-03A309AC12CB}.Release|Any CPU.ActiveCfg = Release|Any CPU
	EndGlobalSection
	GlobalSection(SolutionProperties) = preSolution
		HideSolutionNode = FALSE
	EndGlobalSection
	GlobalSection(ExtensibilityGlobals) = postSolution
		SolutionGuid = {ABE428E4-8629-411A-93F0-574FC7BC0EB7}
	EndGlobalSection
EndGlobal
